
Microsoft Visual Studio Solution File, Format Version 12.00
# Visual Studio 2017
Project("{FAE04EC0-301F-11D3-BF4B-00C04F79EFBC}") = "AI_and_tough_3", "AI_and_tough_3.csproj", "{CA366468-6746-A8B2-DC26-DFAC2977FB8E}"
EndProject
Project("{FAE04EC0-301F-11D3-BF4B-00C04F79EFBC}") = "AI_and_tough_3.Editor", "AI_and_tough_3.Editor.csproj", "{D6E03DB0-7C47-0122-C8BC-EC2610B3C338}"
EndProject
Global
	GlobalSection(SolutionConfigurationPlatforms) = preSolution
		Debug|Any CPU = Debug|Any CPU
		Release|Any CPU = Release|Any CPU
	EndGlobalSection
	GlobalSection(ProjectConfigurationPlatforms) = postSolution
		{CA366468-6746-A8B2-DC26-DFAC2977FB8E}.Debug|Any CPU.ActiveCfg = Debug|Any CPU
		{CA366468-6746-A8B2-DC26-DFAC2977FB8E}.Debug|Any CPU.Build.0 = Debug|Any CPU
		{CA366468-6746-A8B2-DC26-DFAC2977FB8E}.Release|Any CPU.ActiveCfg = Release|Any CPU
		{CA366468-6746-A8B2-DC26-DFAC2977FB8E}.Release|Any CPU.Build.0 = Release|Any CPU
		{D6E03DB0-7C47-0122-C8BC-EC2610B3C338}.Debug|Any CPU.ActiveCfg = Debug|Any CPU
		{D6E03DB0-7C47-0122-C8BC-EC2610B3C338}.Debug|Any CPU.Build.0 = Debug|Any CPU
		{D6E03DB0-7C47-0122-C8BC-EC2610B3C338}.Release|Any CPU.ActiveCfg = Release|Any CPU
		{D6E03DB0-7C47-0122-C8BC-EC2610B3C338}.Release|Any CPU.Build.0 = Release|Any CPU
	EndGlobalSection
	GlobalSection(SolutionProperties) = preSolution
		HideSolutionNode = FALSE
	EndGlobalSection
EndGlobal
