
Microsoft Visual Studio Solution File, Format Version 12.00
# Visual Studio 2017
Project("{FAE04EC0-301F-11D3-BF4B-00C04F79EFBC}") = "AI_and_tough_4", "AI_and_tough_4.csproj", "{4F9D6621-98F9-2119-3F5D-6CEF9AE2AF4A}"
EndProject
Project("{FAE04EC0-301F-11D3-BF4B-00C04F79EFBC}") = "AI_and_tough_4.Editor", "AI_and_tough_4.Editor.csproj", "{1D528260-1642-B4DC-14A0-2E66B1835F1C}"
EndProject
Global
	GlobalSection(SolutionConfigurationPlatforms) = preSolution
		Debug|Any CPU = Debug|Any CPU
		Release|Any CPU = Release|Any CPU
	EndGlobalSection
	GlobalSection(ProjectConfigurationPlatforms) = postSolution
		{4F9D6621-98F9-2119-3F5D-6CEF9AE2AF4A}.Debug|Any CPU.ActiveCfg = Debug|Any CPU
		{4F9D6621-98F9-2119-3F5D-6CEF9AE2AF4A}.Debug|Any CPU.Build.0 = Debug|Any CPU
		{4F9D6621-98F9-2119-3F5D-6CEF9AE2AF4A}.Release|Any CPU.ActiveCfg = Release|Any CPU
		{4F9D6621-98F9-2119-3F5D-6CEF9AE2AF4A}.Release|Any CPU.Build.0 = Release|Any CPU
		{1D528260-1642-B4DC-14A0-2E66B1835F1C}.Debug|Any CPU.ActiveCfg = Debug|Any CPU
		{1D528260-1642-B4DC-14A0-2E66B1835F1C}.Debug|Any CPU.Build.0 = Debug|Any CPU
		{1D528260-1642-B4DC-14A0-2E66B1835F1C}.Release|Any CPU.ActiveCfg = Release|Any CPU
		{1D528260-1642-B4DC-14A0-2E66B1835F1C}.Release|Any CPU.Build.0 = Release|Any CPU
	EndGlobalSection
	GlobalSection(SolutionProperties) = preSolution
		HideSolutionNode = FALSE
	EndGlobalSection
EndGlobal
