
Microsoft Visual Studio Solution File, Format Version 12.00
# Visual Studio 2017
Project("{FAE04EC0-301F-11D3-BF4B-00C04F79EFBC}") = "AI_and_tough", "AI_and_tough.csproj", "{D2943CCB-330C-A97F-78E5-51F3460081F9}"
EndProject
Project("{FAE04EC0-301F-11D3-BF4B-00C04F79EFBC}") = "AI_and_tough.Editor", "AI_and_tough.Editor.csproj", "{090FCB61-D3A1-A8F7-913A-08426961CB81}"
EndProject
Global
	GlobalSection(SolutionConfigurationPlatforms) = preSolution
		Debug|Any CPU = Debug|Any CPU
		Release|Any CPU = Release|Any CPU
	EndGlobalSection
	GlobalSection(ProjectConfigurationPlatforms) = postSolution
		{D2943CCB-330C-A97F-78E5-51F3460081F9}.Debug|Any CPU.ActiveCfg = Debug|Any CPU
		{D2943CCB-330C-A97F-78E5-51F3460081F9}.Debug|Any CPU.Build.0 = Debug|Any CPU
		{D2943CCB-330C-A97F-78E5-51F3460081F9}.Release|Any CPU.ActiveCfg = Release|Any CPU
		{D2943CCB-330C-A97F-78E5-51F3460081F9}.Release|Any CPU.Build.0 = Release|Any CPU
		{090FCB61-D3A1-A8F7-913A-08426961CB81}.Debug|Any CPU.ActiveCfg = Debug|Any CPU
		{090FCB61-D3A1-A8F7-913A-08426961CB81}.Debug|Any CPU.Build.0 = Debug|Any CPU
		{090FCB61-D3A1-A8F7-913A-08426961CB81}.Release|Any CPU.ActiveCfg = Release|Any CPU
		{090FCB61-D3A1-A8F7-913A-08426961CB81}.Release|Any CPU.Build.0 = Release|Any CPU
	EndGlobalSection
	GlobalSection(SolutionProperties) = preSolution
		HideSolutionNode = FALSE
	EndGlobalSection
EndGlobal
